
Microsoft Visual Studio Solution File, Format Version 12.00
# Visual Studio Version 17
VisualStudioVersion = 17.3.32901.215
MinimumVisualStudioVersion = 10.0.40219.1
Project("{FAE04EC0-301F-11D3-BF4B-00C04F79EFBC}") = "Pr_2", "Pr_2\Pr_2.csproj", "{BDD148B3-0D3B-4877-92BB-47AAA2EE8008}"
EndProject
Global
	GlobalSection(SolutionConfigurationPlatforms) = preSolution
		Debug|Any CPU = Debug|Any CPU
		Release|Any CPU = Release|Any CPU
	EndGlobalSection
	GlobalSection(ProjectConfigurationPlatforms) = postSolution
		{BDD148B3-0D3B-4877-92BB-47AAA2EE8008}.Debug|Any CPU.ActiveCfg = Debug|Any CPU
		{BDD148B3-0D3B-4877-92BB-47AAA2EE8008}.Debug|Any CPU.Build.0 = Debug|Any CPU
		{BDD148B3-0D3B-4877-92BB-47AAA2EE8008}.Release|Any CPU.ActiveCfg = Release|Any CPU
		{BDD148B3-0D3B-4877-92BB-47AAA2EE8008}.Release|Any CPU.Build.0 = Release|Any CPU
	EndGlobalSection
	GlobalSection(SolutionProperties) = preSolution
		HideSolutionNode = FALSE
	EndGlobalSection
	GlobalSection(ExtensibilityGlobals) = postSolution
		SolutionGuid = {775E9551-E5D4-4B86-A1B4-100B271E2162}
	EndGlobalSection
EndGlobal
